
Microsoft Visual Studio Solution File, Format Version 12.00
# Visual Studio 14
VisualStudioVersion = 14.0.25420.1
MinimumVisualStudioVersion = 10.0.40219.1
Project("{FAE04EC0-301F-11D3-BF4B-00C04F79EFBC}") = "BartenderHelper", "BartenderHelper\BartenderHelper.csproj", "{1B241605-CB7A-42B4-8F93-1607A0599497}"
EndProject
Project("{FAE04EC0-301F-11D3-BF4B-00C04F79EFBC}") = "WriteLogs", "..\WriteLogs\WriteLogs.csproj", "{FE23A230-D0F3-42D9-94A7-396048021E4A}"
EndProject
Project("{FAE04EC0-301F-11D3-BF4B-00C04F79EFBC}") = "TestPrintStandalone", "TestPrintStandalone\TestPrintStandalone.csproj", "{330A139E-7603-48E5-AAD7-48A1A79D0644}"
EndProject
Project("{FAE04EC0-301F-11D3-BF4B-00C04F79EFBC}") = "TestForHelper", "TestForHelper\TestForHelper.csproj", "{E5AAE64A-BE54-4FF6-808F-5F8C969EA4D2}"
EndProject
Global
	GlobalSection(SolutionConfigurationPlatforms) = preSolution
		Debug|Any CPU = Debug|Any CPU
		Release|Any CPU = Release|Any CPU
	EndGlobalSection
	GlobalSection(ProjectConfigurationPlatforms) = postSolution
		{1B241605-CB7A-42B4-8F93-1607A0599497}.Debug|Any CPU.ActiveCfg = Debug|Any CPU
		{1B241605-CB7A-42B4-8F93-1607A0599497}.Debug|Any CPU.Build.0 = Debug|Any CPU
		{1B241605-CB7A-42B4-8F93-1607A0599497}.Release|Any CPU.ActiveCfg = Release|Any CPU
		{1B241605-CB7A-42B4-8F93-1607A0599497}.Release|Any CPU.Build.0 = Release|Any CPU
		{FE23A230-D0F3-42D9-94A7-396048021E4A}.Debug|Any CPU.ActiveCfg = Debug|Any CPU
		{FE23A230-D0F3-42D9-94A7-396048021E4A}.Debug|Any CPU.Build.0 = Debug|Any CPU
		{FE23A230-D0F3-42D9-94A7-396048021E4A}.Release|Any CPU.ActiveCfg = Release|Any CPU
		{FE23A230-D0F3-42D9-94A7-396048021E4A}.Release|Any CPU.Build.0 = Release|Any CPU
		{330A139E-7603-48E5-AAD7-48A1A79D0644}.Debug|Any CPU.ActiveCfg = Debug|Any CPU
		{330A139E-7603-48E5-AAD7-48A1A79D0644}.Debug|Any CPU.Build.0 = Debug|Any CPU
		{330A139E-7603-48E5-AAD7-48A1A79D0644}.Release|Any CPU.ActiveCfg = Release|Any CPU
		{330A139E-7603-48E5-AAD7-48A1A79D0644}.Release|Any CPU.Build.0 = Release|Any CPU
		{E5AAE64A-BE54-4FF6-808F-5F8C969EA4D2}.Debug|Any CPU.ActiveCfg = Debug|Any CPU
		{E5AAE64A-BE54-4FF6-808F-5F8C969EA4D2}.Debug|Any CPU.Build.0 = Debug|Any CPU
		{E5AAE64A-BE54-4FF6-808F-5F8C969EA4D2}.Release|Any CPU.ActiveCfg = Release|Any CPU
		{E5AAE64A-BE54-4FF6-808F-5F8C969EA4D2}.Release|Any CPU.Build.0 = Release|Any CPU
	EndGlobalSection
	GlobalSection(SolutionProperties) = preSolution
		HideSolutionNode = FALSE
	EndGlobalSection
EndGlobal
